// !$*UTF8*$!
{
	archiveVersion = 1;
	classes = {
	};
	objectVersion = 46;
	objects = {

/* Begin PBXBuildFile section */
		120802671F8206D000C5F577 /* AppDelegate.swift in Sources */ = {isa = PBXBuildFile; fileRef = 120802661F8206D000C5F577 /* AppDelegate.swift */; };
		120802691F8206D000C5F577 /* ViewController.swift in Sources */ = {isa = PBXBuildFile; fileRef = 120802681F8206D000C5F577 /* ViewController.swift */; };
		1208026C1F8206D000C5F577 /* Main.storyboard in Resources */ = {isa = PBXBuildFile; fileRef = 1208026A1F8206D000C5F577 /* Main.storyboard */; };
		1208026F1F8206D000C5F577 /* loginscreen.xcdatamodeld in Sources */ = {isa = PBXBuildFile; fileRef = 1208026D1F8206D000C5F577 /* loginscreen.xcdatamodeld */; };
		120802711F8206D000C5F577 /* Assets.xcassets in Resources */ = {isa = PBXBuildFile; fileRef = 120802701F8206D000C5F577 /* Assets.xcassets */; };
		120802741F8206D000C5F577 /* LaunchScreen.storyboard in Resources */ = {isa = PBXBuildFile; fileRef = 120802721F8206D000C5F577 /* LaunchScreen.storyboard */; };
/* End PBXBuildFile section */

/* Begin PBXFileReference section */
		120802631F8206D000C5F577 /* loginscreen.app */ = {isa = PBXFileReference; explicitFileType = wrapper.application; includeInIndex = 0; path = loginscreen.app; sourceTree = BUILT_PRODUCTS_DIR; };
		120802661F8206D000C5F577 /* AppDelegate.swift */ = {isa = PBXFileReference; lastKnownFileType = sourcecode.swift; path = AppDelegate.swift; sourceTree = "<group>"; };
		120802681F8206D000C5F577 /* ViewController.swift */ = {isa = PBXFileReference; lastKnownFileType = sourcecode.swift; path = ViewController.swift; sourceTree = "<group>"; };
		1208026B1F8206D000C5F577 /* Base */ = {isa = PBXFileReference; lastKnownFileType = file.storyboard; name = Base; path = Base.lproj/Main.storyboard; sourceTree = "<group>"; };
		1208026E1F8206D000C5F577 /* loginscreen.xcdatamodel */ = {isa = PBXFileReference; lastKnownFileType = wrapper.xcdatamodel; path = loginscreen.xcdatamodel; sourceTree = "<group>"; };
		120802701F8206D000C5F577 /* Assets.xcassets */ = {isa = PBXFileReference; lastKnownFileType = folder.assetcatalog; path = Assets.xcassets; sourceTree = "<group>"; };
		120802731F8206D000C5F577 /* Base */ = {isa = PBXFileReference; lastKnownFileType = file.storyboard; name = Base; path = Base.lproj/LaunchScreen.storyboard; sourceTree = "<group>"; };
		120802751F8206D000C5F577 /* Info.plist */ = {isa = PBXFileReference; lastKnownFileType = text.plist.xml; path = Info.plist; sourceTree = "<group>"; };
/* End PBXFileReference section */

/* Begin PBXFrameworksBuildPhase section */
		120802601F8206D000C5F577 /* Frameworks */ = {
			isa = PBXFrameworksBuildPhase;
			buildActionMask = 2147483647;
			files = (
			);
			runOnlyForDeploymentPostprocessing = 0;
		};
/* End PBXFrameworksBuildPhase section */

/* Begin PBXGroup section */
		1208025A1F8206D000C5F577 = {
			isa = PBXGroup;
			children = (
				120802651F8206D000C5F577 /* loginscreen */,
				120802641F8206D000C5F577 /* Products */,
			);
			sourceTree = "<group>";
		};
		120802641F8206D000C5F577 /* Products */ = {
			isa = PBXGroup;
			children = (
				120802631F8206D000C5F577 /* loginscreen.app */,
			);
			name = Products;
			sourceTree = "<group>";
		};
		120802651F8206D000C5F577 /* loginscreen */ = {
			isa = PBXGroup;
			children = (
				120802661F8206D000C5F577 /* AppDelegate.swift */,
				120802681F8206D000C5F577 /* ViewController.swift */,
				1208026A1F8206D000C5F577 /* Main.storyboard */,
				120802701F8206D000C5F577 /* Assets.xcassets */,
				120802721F8206D000C5F577 /* LaunchScreen.storyboard */,
				120802751F8206D000C5F577 /* Info.plist */,
				1208026D1F8206D000C5F577 /* loginscreen.xcdatamodeld */,
			);
			path = loginscreen;
			sourceTree = "<group>";
		};
/* End PBXGroup section */

/* Begin PBXNativeTarget section */
		120802621F8206D000C5F577 /* loginscreen */ = {
			isa = PBXNativeTarget;
			buildConfigurationList = 120802781F8206D000C5F577 /* Build configuration list for PBXNativeTarget "loginscreen" */;
			buildPhases = (
				1208025F1F8206D000C5F577 /* Sources */,
				120802601F8206D000C5F577 /* Frameworks */,
				120802611F8206D000C5F577 /* Resources */,
			);
			buildRules = (
			);
			dependencies = (
			);
			name = loginscreen;
			productName = loginscreen;
			productReference = 120802631F8206D000C5F577 /* loginscreen.app */;
			productType = "com.apple.product-type.application";
		};
/* End PBXNativeTarget section */

/* Begin PBXProject section */
		1208025B1F8206D000C5F577 /* Project object */ = {
			isa = PBXProject;
			attributes = {
				LastSwiftUpdateCheck = 0830;
				LastUpgradeCheck = 0830;
				ORGANIZATIONNAME = "Hong Gao";
				TargetAttributes = {
					120802621F8206D000C5F577 = {
						CreatedOnToolsVersion = 8.3.3;
						DevelopmentTeam = 4FK69UW4TT;
						ProvisioningStyle = Automatic;
					};
				};
			};
			buildConfigurationList = 1208025E1F8206D000C5F577 /* Build configuration list for PBXProject "loginscreen" */;
			compatibilityVersion = "Xcode 3.2";
			developmentRegion = English;
			hasScannedForEncodings = 0;
			knownRegions = (
				en,
				Base,
			);
			mainGroup = 1208025A1F8206D000C5F577;
			productRefGroup = 120802641F8206D000C5F577 /* Products */;
			projectDirPath = "";
			projectRoot = "";
			targets = (
				120802621F8206D000C5F577 /* loginscreen */,
			);
		};
/* End PBXProject section */

/* Begin PBXResourcesBuildPhase section */
		120802611F8206D000C5F577 /* Resources */ = {
			isa = PBXResourcesBuildPhase;
			buildActionMask = 2147483647;
			files = (
				120802741F8206D000C5F577 /* LaunchScreen.storyboard in Resources */,
				120802711F8206D000C5F577 /* Assets.xcassets in Resources */,
				1208026C1F8206D000C5F577 /* Main.storyboard in Resources */,
			);
			runOnlyForDeploymentPostprocessing = 0;
		};
/* End PBXResourcesBuildPhase section */

/* Begin PBXSourcesBuildPhase section */
		1208025F1F8206D000C5F577 /* Sources */ = {
			isa = PBXSourcesBuildPhase;
			buildActionMask = 2147483647;
			files = (
				1208026F1F8206D000C5F577 /* loginscreen.xcdatamodeld in Sources */,
				120802691F8206D000C5F577 /* ViewController.swift in Sources */,
				120802671F8206D000C5F577 /* AppDelegate.swift in Sources */,
			);
			runOnlyForDeploymentPostprocessing = 0;
		};
/* End PBXSourcesBuildPhase section */

/* Begin PBXVariantGroup section */
		1208026A1F8206D000C5F577 /* Main.storyboard */ = {
			isa = PBXVariantGroup;
			children = (
				1208026B1F8206D000C5F577 /* Base */,
			);
			name = Main.storyboard;
			sourceTree = "<group>";
		};
		120802721F8206D000C5F577 /* LaunchScreen.storyboard */ = {
			isa = PBXVariantGroup;
			children = (
				120802731F8206D000C5F577 /* Base */,
			);
			name = LaunchScreen.storyboard;
			sourceTree = "<group>";
		};
/* End PBXVariantGroup section */

/* Begin XCBuildConfiguration section */
		120802761F8206D000C5F577 /* Debug */ = {
			isa = XCBuildConfiguration;
			buildSettings = {
				ALWAYS_SEARCH_USER_PATHS = NO;
				CLANG_ANALYZER_NONNULL = YES;
				CLANG_ANALYZER_NUMBER_OBJECT_CONVERSION = YES_AGGRESSIVE;
				CLANG_CXX_LANGUAGE_STANDARD = "gnu++0x";
				CLANG_CXX_LIBRARY = "libc++";
				CLANG_ENABLE_MODULES = YES;
				CLANG_ENABLE_OBJC_ARC = YES;
				CLANG_WARN_BOOL_CONVERSION = YES;
				CLANG_WARN_CONSTANT_CONVERSION = YES;
				CLANG_WARN_DIRECT_OBJC_ISA_USAGE = YES_ERROR;
				CLANG_WARN_DOCUMENTATION_COMMENTS = YES;
				CLANG_WARN_EMPTY_BODY = YES;
				CLANG_WARN_ENUM_CONVERSION = YES;
				CLANG_WARN_INFINITE_RECURSION = YES;
				CLANG_WARN_INT_CONVERSION = YES;
				CLANG_WARN_OBJC_ROOT_CLASS = YES_ERROR;
				CLANG_WARN_SUSPICIOUS_MOVE = YES;
				CLANG_WARN_UNREACHABLE_CODE = YES;
				CLANG_WARN__DUPLICATE_METHOD_MATCH = YES;
				"CODE_SIGN_IDENTITY[sdk=iphoneos*]" = "iPhone Developer";
				COPY_PHASE_STRIP = NO;
				DEBUG_INFORMATION_FORMAT = dwarf;
				ENABLE_STRICT_OBJC_MSGSEND = YES;
				ENABLE_TESTABILITY = YES;
				GCC_C_LANGUAGE_STANDARD = gnu99;
				GCC_DYNAMIC_NO_PIC = NO;
				GCC_NO_COMMON_BLOCKS = YES;
				GCC_OPTIMIZATION_LEVEL = 0;
				GCC_PREPROCESSOR_DEFINITIONS = (
					"DEBUG=1",
					"$(inherited)",
				);
				GCC_WARN_64_TO_32_BIT_CONVERSION = YES;
				GCC_WARN_ABOUT_RETURN_TYPE = YES_ERROR;
				GCC_WARN_UNDECLARED_SELECTOR = YES;
				GCC_WARN_UNINITIALIZED_AUTOS = YES_AGGRESSIVE;
				GCC_WARN_UNUSED_FUNCTION = YES;
				GCC_WARN_UNUSED_VARIABLE = YES;
				IPHONEOS_DEPLOYMENT_TARGET = 10.3;
				MTL_ENABLE_DEBUG_INFO = YES;
				ONLY_ACTIVE_ARCH = YES;
				SDKROOT = iphoneos;
				SWIFT_ACTIVE_COMPILATION_CONDITIONS = DEBUG;
				SWIFT_OPTIMIZATION_LEVEL = "-Onone";
				TARGETED_DEVICE_FAMILY = "1,2";
			};
			name = Debug;
		};
		120802771F8206D000C5F577 /* Release */ = {
			isa = XCBuildConfiguration;
			buildSettings = {
				ALWAYS_SEARCH_USER_PATHS = NO;
				CLANG_ANALYZER_NONNULL = YES;
				CLANG_ANALYZER_NUMBER_OBJECT_CONVERSION = YES_AGGRESSIVE;
				CLANG_CXX_LANGUAGE_STANDARD = "gnu++0x";
				CLANG_CXX_LIBRARY = "libc++";
				CLANG_ENABLE_MODULES = YES;
				CLANG_ENABLE_OBJC_ARC = YES;
				CLANG_WARN_BOOL_CONVERSION = YES;
				CLANG_WARN_CONSTANT_CONVERSION = YES;
				CLANG_WARN_DIRECT_OBJC_ISA_USAGE = YES_ERROR;
				CLANG_WARN_DOCUMENTATION_COMMENTS = YES;
				CLANG_WARN_EMPTY_BODY = YES;
				CLANG_WARN_ENUM_CONVERSION = YES;
				CLANG_WARN_INFINITE_RECURSION = YES;
				CLANG_WARN_INT_CONVERSION = YES;
				CLANG_WARN_OBJC_ROOT_CLASS = YES_ERROR;
				CLANG_WARN_SUSPICIOUS_MOVE = YES;
				CLANG_WARN_UNREACHABLE_CODE = YES;
				CLANG_WARN__DUPLICATE_METHOD_MATCH = YES;
				"CODE_SIGN_IDENTITY[sdk=iphoneos*]" = "iPhone Developer";
				COPY_PHASE_STRIP = NO;
				DEBUG_INFORMATION_FORMAT = "dwarf-with-dsym";
				ENABLE_NS_ASSERTIONS = NO;
				ENABLE_STRICT_OBJC_MSGSEND = YES;
				GCC_C_LANGUAGE_STANDARD = gnu99;
				GCC_NO_COMMON_BLOCKS = YES;
				GCC_WARN_64_TO_32_BIT_CONVERSION = YES;
				GCC_WARN_ABOUT_RETURN_TYPE = YES_ERROR;
				GCC_WARN_UNDECLARED_SELECTOR = YES;
				GCC_WARN_UNINITIALIZED_AUTOS = YES_AGGRESSIVE;
				GCC_WARN_UNUSED_FUNCTION = YES;
				GCC_WARN_UNUSED_VARIABLE = YES;
				IPHONEOS_DEPLOYMENT_TARGET = 10.3;
				MTL_ENABLE_DEBUG_INFO = NO;
				SDKROOT = iphoneos;
				SWIFT_OPTIMIZATION_LEVEL = "-Owholemodule";
				TARGETED_DEVICE_FAMILY = "1,2";
				VALIDATE_PRODUCT = YES;
			};
			name = Release;
		};
		120802791F8206D000C5F577 /* Debug */ = {
			isa = XCBuildConfiguration;
			buildSettings = {
				ASSETCATALOG_COMPILER_APPICON_NAME = AppIcon;
				DEVELOPMENT_TEAM = 4FK69UW4TT;
				INFOPLIST_FILE = loginscreen/Info.plist;
				LD_RUNPATH_SEARCH_PATHS = "$(inherited) @executable_path/Frameworks";
				PRODUCT_BUNDLE_IDENTIFIER = com.honggao.loginscreen;
				PRODUCT_NAME = "$(TARGET_NAME)";
				SWIFT_VERSION = 3.0;
			};
			name = Debug;
		};
		1208027A1F8206D000C5F577 /* Release */ = {
			isa = XCBuildConfiguration;
			buildSettings = {
				ASSETCATALOG_COMPILER_APPICON_NAME = AppIcon;
				DEVELOPMENT_TEAM = 4FK69UW4TT;
				INFOPLIST_FILE = loginscreen/Info.plist;
				LD_RUNPATH_SEARCH_PATHS = "$(inherited) @executable_path/Frameworks";
				PRODUCT_BUNDLE_IDENTIFIER = com.honggao.loginscreen;
				PRODUCT_NAME = "$(TARGET_NAME)";
				SWIFT_VERSION = 3.0;
			};
			name = Release;
		};
/* End XCBuildConfiguration section */

/* Begin XCConfigurationList section */
		1208025E1F8206D000C5F577 /* Build configuration list for PBXProject "loginscreen" */ = {
			isa = XCConfigurationList;
			buildConfigurations = (
				120802761F8206D000C5F577 /* Debug */,
				120802771F8206D000C5F577 /* Release */,
			);
			defaultConfigurationIsVisible = 0;
			defaultConfigurationName = Release;
		};
		120802781F8206D000C5F577 /* Build configuration list for PBXNativeTarget "loginscreen" */ = {
			isa = XCConfigurationList;
			buildConfigurations = (
				120802791F8206D000C5F577 /* Debug */,
				1208027A1F8206D000C5F577 /* Release */,
			);
			defaultConfigurationIsVisible = 0;
		};
/* End XCConfigurationList section */

/* Begin XCVersionGroup section */
		1208026D1F8206D000C5F577 /* loginscreen.xcdatamodeld */ = {
			isa = XCVersionGroup;
			children = (
				1208026E1F8206D000C5F577 /* loginscreen.xcdatamodel */,
			);
			currentVersion = 1208026E1F8206D000C5F577 /* loginscreen.xcdatamodel */;
			path = loginscreen.xcdatamodeld;
			sourceTree = "<group>";
			versionGroupType = wrapper.xcdatamodel;
		};
/* End XCVersionGroup section */
	};
	rootObject = 1208025B1F8206D000C5F577 /* Project object */;
}
